
Microsoft Visual Studio Solution File, Format Version 12.00
# Visual Studio Version 16
VisualStudioVersion = 16.0.31112.23
MinimumVisualStudioVersion = 10.0.40219.1
Project("{FAE04EC0-301F-11D3-BF4B-00C04F79EFBC}") = "BirNotAPI", "BirNotAPI\BirNotAPI.csproj", "{BE6DFD74-7C37-4361-9C09-696F39AC8905}"
EndProject
Project("{FAE04EC0-301F-11D3-BF4B-00C04F79EFBC}") = "BirNotUI", "BirNotUI\BirNotUI.csproj", "{569F7C2B-6FC3-4BE3-98F3-48313A255C3A}"
EndProject
Global
	GlobalSection(SolutionConfigurationPlatforms) = preSolution
		Debug|Any CPU = Debug|Any CPU
		Release|Any CPU = Release|Any CPU
	EndGlobalSection
	GlobalSection(ProjectConfigurationPlatforms) = postSolution
		{BE6DFD74-7C37-4361-9C09-696F39AC8905}.Debug|Any CPU.ActiveCfg = Debug|Any CPU
		{BE6DFD74-7C37-4361-9C09-696F39AC8905}.Debug|Any CPU.Build.0 = Debug|Any CPU
		{BE6DFD74-7C37-4361-9C09-696F39AC8905}.Release|Any CPU.ActiveCfg = Release|Any CPU
		{BE6DFD74-7C37-4361-9C09-696F39AC8905}.Release|Any CPU.Build.0 = Release|Any CPU
		{569F7C2B-6FC3-4BE3-98F3-48313A255C3A}.Debug|Any CPU.ActiveCfg = Debug|Any CPU
		{569F7C2B-6FC3-4BE3-98F3-48313A255C3A}.Debug|Any CPU.Build.0 = Debug|Any CPU
		{569F7C2B-6FC3-4BE3-98F3-48313A255C3A}.Release|Any CPU.ActiveCfg = Release|Any CPU
		{569F7C2B-6FC3-4BE3-98F3-48313A255C3A}.Release|Any CPU.Build.0 = Release|Any CPU
	EndGlobalSection
	GlobalSection(SolutionProperties) = preSolution
		HideSolutionNode = FALSE
	EndGlobalSection
	GlobalSection(ExtensibilityGlobals) = postSolution
		SolutionGuid = {93AC5739-D265-4DE9-9B27-1DC2DBE4E39D}
	EndGlobalSection
EndGlobal
